
Microsoft Visual Studio Solution File, Format Version 12.00
# Visual Studio Version 17
VisualStudioVersion = 17.8.34316.72
MinimumVisualStudioVersion = 10.0.40219.1
Project("{FAE04EC0-301F-11D3-BF4B-00C04F79EFBC}") = "WebAPIDemo", "WebAPIDemo\WebAPIDemo.csproj", "{6D77F68E-F67A-4A85-9A24-75058D4762C5}"
EndProject
Project("{FAE04EC0-301F-11D3-BF4B-00C04F79EFBC}") = "DataAccessLayer", "DataAccessLayer\DataAccessLayer.csproj", "{B6DF6A58-A395-4824-B794-1ED0805AA2D1}"
EndProject
Project("{FAE04EC0-301F-11D3-BF4B-00C04F79EFBC}") = "BusinessLogicLayer", "BusinessLogicLayer\BusinessLogicLayer.csproj", "{0196565B-30FD-4265-AC59-B8ACA5DD1DD6}"
EndProject
Project("{FAE04EC0-301F-11D3-BF4B-00C04F79EFBC}") = "AppUILayer", "AppUILayer\AppUILayer.csproj", "{EA7B0614-45FD-4231-92F1-24CBC241886C}"
EndProject
Global
	GlobalSection(SolutionConfigurationPlatforms) = preSolution
		Debug|Any CPU = Debug|Any CPU
		Release|Any CPU = Release|Any CPU
	EndGlobalSection
	GlobalSection(ProjectConfigurationPlatforms) = postSolution
		{6D77F68E-F67A-4A85-9A24-75058D4762C5}.Debug|Any CPU.ActiveCfg = Debug|Any CPU
		{6D77F68E-F67A-4A85-9A24-75058D4762C5}.Debug|Any CPU.Build.0 = Debug|Any CPU
		{6D77F68E-F67A-4A85-9A24-75058D4762C5}.Release|Any CPU.ActiveCfg = Release|Any CPU
		{6D77F68E-F67A-4A85-9A24-75058D4762C5}.Release|Any CPU.Build.0 = Release|Any CPU
		{B6DF6A58-A395-4824-B794-1ED0805AA2D1}.Debug|Any CPU.ActiveCfg = Debug|Any CPU
		{B6DF6A58-A395-4824-B794-1ED0805AA2D1}.Debug|Any CPU.Build.0 = Debug|Any CPU
		{B6DF6A58-A395-4824-B794-1ED0805AA2D1}.Release|Any CPU.ActiveCfg = Release|Any CPU
		{B6DF6A58-A395-4824-B794-1ED0805AA2D1}.Release|Any CPU.Build.0 = Release|Any CPU
		{0196565B-30FD-4265-AC59-B8ACA5DD1DD6}.Debug|Any CPU.ActiveCfg = Debug|Any CPU
		{0196565B-30FD-4265-AC59-B8ACA5DD1DD6}.Debug|Any CPU.Build.0 = Debug|Any CPU
		{0196565B-30FD-4265-AC59-B8ACA5DD1DD6}.Release|Any CPU.ActiveCfg = Release|Any CPU
		{0196565B-30FD-4265-AC59-B8ACA5DD1DD6}.Release|Any CPU.Build.0 = Release|Any CPU
		{EA7B0614-45FD-4231-92F1-24CBC241886C}.Debug|Any CPU.ActiveCfg = Debug|Any CPU
		{EA7B0614-45FD-4231-92F1-24CBC241886C}.Debug|Any CPU.Build.0 = Debug|Any CPU
		{EA7B0614-45FD-4231-92F1-24CBC241886C}.Release|Any CPU.ActiveCfg = Release|Any CPU
		{EA7B0614-45FD-4231-92F1-24CBC241886C}.Release|Any CPU.Build.0 = Release|Any CPU
	EndGlobalSection
	GlobalSection(SolutionProperties) = preSolution
		HideSolutionNode = FALSE
	EndGlobalSection
	GlobalSection(ExtensibilityGlobals) = postSolution
		SolutionGuid = {8FD5E746-548B-4442-BD58-27111C127C43}
	EndGlobalSection
EndGlobal
